hash: f3e19a39c27e51ab42fc7abca33fa34f2f13cf8ee8fb2032f821966551c5c80c
updated: 2016-09-21T23:06:39.881951596Z
imports:
- name: github.com/blang/semver
  version: 60ec3488bfea7cca02b021d106d9911120d25fe9
- name: github.com/getlantern/context
  version: 624d99b1798d7c5375ea1d3ca4c5b04d58f7c775
- name: github.com/getlantern/errors
  version: 99fa440517e8f3d1e4cd8d6dbed6b41f4c1ed3d6
- name: github.com/getlantern/go-update
  version: cb048f77e108c397a3c19752bf7778ea4bae2dc7
  subpackages:
  - download
- name: github.com/getlantern/golog
  version: e69a4a00c012e476efd814128cdcd4e04e641dc7
- name: github.com/getlantern/hex
  version: 083fba3033ad473db3dd31c9bb368473d37581a7
- name: github.com/getlantern/hidden
  version: d52a649ab33af200943bb599898dbdcfdbc94cb7
- name: github.com/getlantern/ops
  version: b70875f5d689a9438bca72aefd7142a2af889b18
- name: github.com/getlantern/stack
  version: 02f928aad224fbccd50d66edd776fc9d1e9f2f2b
- name: github.com/google/go-github
  version: 94a3cd9f531888fe4a03487276c0adb887428e77
  subpackages:
  - github
- name: github.com/google/go-querystring
  version: 9235644dd9e52eeae6fa48efd539fdc351a0af53
  subpackages:
  - query
- name: github.com/kardianos/osext
  version: c2c54e542fb797ad986b31721e1baedf214ca413
- name: github.com/kr/binarydist
  version: 3035450ff8b987ec4373f65c40767f096b35f2d2
- name: github.com/oxtoacart/bpool
  version: 4e1c5567d7c2dd59fa4c7c83d34c2f3528b025d6
testImports: []
