github.com/blang/semver v3.3.0+incompatible h1:BRtK3PUrMsESEGZwVNZa3sYPGIoNRla1Uhy+oHXiXrE=
github.com/blang/semver v3.3.0+incompatible/go.mod h1:kRBLl5iJ+tD4TcOOxsy/0fnwebNt5EWlYSAyrTnjyyk=
github.com/davecgh/go-spew v1.1.0 h1:ZDRjVQ15GmhC3fiQ8ni8+OwkZQO4DARzQgrnXU1Liz8=
github.com/davecgh/go-spew v1.1.0/go.mod h1:J7Y8YcW2NihsgmVo/mv3lAwl/skON4iLHjSsI+c5H38=
github.com/getlantern/context v0.0.0-20160525112039-624d99b1798d h1:UIZcMnqh939ljD/jzHgDTLehvwaBRNt2o3WMlyYplNY=
github.com/getlantern/context v0.0.0-20160525112039-624d99b1798d/go.mod h1:L+mq6/vvYHKjCX2oez0CgEAJmbq1fbb/oNJIWQkBybY=
github.com/getlantern/errors v0.0.0-20160829164957-99fa440517e8 h1:OfAPCADk1jAiEgd2GQuvoiqo3EATr/q9084WpWh6XPE=
github.com/getlantern/errors v0.0.0-20160829164957-99fa440517e8/go.mod h1:l+xpFBrCtDLpK9qNjxs+cHU6+BAdlBaxHqikB6Lku3A=
github.com/getlantern/go-update v0.0.0-20160820025746-cb048f77e108 h1:kQ1OA2WcKXFOlOo1/XgJPp2Z0YsSYeWW3YCQ7zW1LkQ=
github.com/getlantern/go-update v0.0.0-20160820025746-cb048f77e108/go.mod h1:goroSTghTcnjKaR2C8ovKWy1lEvRNfqHrW/kRJNMek0=
github.com/getlantern/golog v0.0.0-20160829165107-e69a4a00c012 h1:B3SwFDW4GQbGyGP5Xn5xdhhjP+sPuDYTVSxaPu5uwbI=
github.com/getlantern/golog v0.0.0-20160829165107-e69a4a00c012/go.mod h1:Vwx1Cg64gCdIalad44uvQsKZw6LsVczIKZrUBStEjVw=
github.com/getlantern/hex v0.0.0-20160523043825-083fba3033ad h1:L/UatDVr6opOJnZdZnGwhFXjoIUwO6RHULxPyzb60L4=
github.com/getlantern/hex v0.0.0-20160523043825-083fba3033ad/go.mod h1:dD3CgOrwlzca8ed61CsZouQS5h5jIzkK9ZWrTcf0s+o=
github.com/getlantern/hidden v0.0.0-20160523043807-d52a649ab33a h1:gF6WQx7V8q91bBC4MUWOuKnWjUcDDi27d1zMdB0hPnM=
github.com/getlantern/hidden v0.0.0-20160523043807-d52a649ab33a/go.mod h1:6mmzY2kW1TOOrVy+r41Za2MxXM+hhqTtY3oBKd2AgFA=
github.com/getlantern/ops v0.0.0-20160607132800-b70875f5d689 h1:qCAL+BksNqxU1yR6vb99bJzZOsbJ7M3DDrrS8odn/20=
github.com/getlantern/ops v0.0.0-20160607132800-b70875f5d689/go.mod h1:D5ao98qkA6pxftxoqzibIBBrLSUli+kYnJqrgBf9cIA=
github.com/getlantern/stack v0.0.0-20160516001742-02f928aad224 h1:Ks+jtBnYA9DFgQjSQb+GafPRcy1IkO55AenpmTB4aMk=
github.com/getlantern/stack v0.0.0-20160516001742-02f928aad224/go.mod h1:jFmW3KH+iSAt2vUkjB2vyM+SAxvdpIHa4PpAakJHO0w=
github.com/google/go-github v2.0.0+incompatible h1:7+zbmwvPyI9qde3wo4XWFKay/5gZ965eTLvK51V9MuM=
github.com/google/go-github v2.0.0+incompatible/go.mod h1:zLgOLi98H3fifZn+44m+umXrS52loVEgC2AApnigrVQ=
github.com/google/go-querystring v0.0.0-20160401233042-9235644dd9e5 h1:oERTZ1buOUYlpmKaqlO5fYmz8cZ1rYu5DieJzF4ZVmU=
github.com/google/go-querystring v0.0.0-20160401233042-9235644dd9e5/go.mod h1:odCYkC5MyYFN7vkCjXpyrEuKhc/BUO6wN/zVPAxq5ck=
github.com/kardianos/osext v0.0.0-20160811001526-c2c54e542fb7 h1:pKv4oHt3kat9yf1jofmaRv3KxGaY5B7VV55GrfXFa74=
github.com/kardianos/osext v0.0.0-20160811001526-c2c54e542fb7/go.mod h1:1NbS8ALrpOvjt0rHPNLyCIeMtbizbir8U//inJ+zuB8=
github.com/kr/binarydist v0.0.0-20160721043806-3035450ff8b9 h1:3Fl5b279zmvAl41sC0IgkbW9oZN1hIppM74ubEqY0w8=
github.com/kr/binarydist v0.0.0-20160721043806-3035450ff8b9/go.mod h1:pE49GDVOelLlVz56xncbegMQqkyTO8sM36sT8bt7Z58=
github.com/oxtoacart/bpool v0.0.0-20150712133111-4e1c5567d7c2 h1:CXwSGu/LYmbjEab5aMCs5usQRVBGThelUKBNnoSOuso=
github.com/oxtoacart/bpool v0.0.0-20150712133111-4e1c5567d7c2/go.mod h1:L3UMQOThbttwfYRNFOWLLVXMhk5Lkio4GGOtw5UrxS0=
github.com/pmezard/go-difflib v1.0.0 h1:4DBwDE0NGyQoBHbLQYPwSUPoCMWR5BEzIk/f1lZbAQM=
github.com/pmezard/go-difflib v1.0.0/go.mod h1:iKH77koFhYxTK1pcRnkKkqfTogsbg7gZNVY4sRDYZ/4=
github.com/stretchr/objx v0.1.0/go.mod h1:HFkY916IF+rwdDfMAkV7OtwuqBVzrE8GR6GFx+wExME=
github.com/stretchr/testify v1.3.0 h1:TivCn/peBQ7UY8ooIcPgZFpTNSz0Q2U6UrFlUfqbe0Q=
github.com/stretchr/testify v1.3.0/go.mod h1:M5WIy9Dh21IEIfnGCwXGc5bZfKNJtfHm1UVUgZn+9EI=
